
Microsoft Visual Studio Solution File, Format Version 12.00
# Visual Studio Version 17
VisualStudioVersion = 17.0.32112.339
MinimumVisualStudioVersion = 10.0.40219.1
Project("{FAE04EC0-301F-11D3-BF4B-00C04F79EFBC}") = "Project3", "Project3.csproj", "{6E82DF43-43EB-4D9F-8CB5-5D3FEFEEB7D8}"
EndProject
Global
	GlobalSection(SolutionConfigurationPlatforms) = preSolution
		Debug|Any CPU = Debug|Any CPU
		Release|Any CPU = Release|Any CPU
	EndGlobalSection
	GlobalSection(ProjectConfigurationPlatforms) = postSolution
		{6E82DF43-43EB-4D9F-8CB5-5D3FEFEEB7D8}.Debug|Any CPU.ActiveCfg = Debug|Any CPU
		{6E82DF43-43EB-4D9F-8CB5-5D3FEFEEB7D8}.Debug|Any CPU.Build.0 = Debug|Any CPU
		{6E82DF43-43EB-4D9F-8CB5-5D3FEFEEB7D8}.Release|Any CPU.ActiveCfg = Release|Any CPU
		{6E82DF43-43EB-4D9F-8CB5-5D3FEFEEB7D8}.Release|Any CPU.Build.0 = Release|Any CPU
	EndGlobalSection
	GlobalSection(SolutionProperties) = preSolution
		HideSolutionNode = FALSE
	EndGlobalSection
	GlobalSection(ExtensibilityGlobals) = postSolution
		SolutionGuid = {F91D16DA-C25B-4F7A-82E6-3B3A3CE5CB02}
	EndGlobalSection
EndGlobal
